<?xml version="1.0" encoding="UTF-8"?>
<Scheme
   LastUpgradeVersion = "0730"
   version = "1.3">
   <BuildAction
      parallelizeBuildables = "YES"
      buildImplicitDependencies = "YES">
      <BuildActionEntries>
         <BuildActionEntry
            buildForTesting = "YES"
            buildForRunning = "YES"
            buildForProfiling = "YES"
            buildForArchiving = "YES"
            buildForAnalyzing = "YES">
            <BuildableReference
               BuildableIdentifier = "primary"
               BlueprintIdentifier = "5252247C1CCDFE940039F9F4"
               BuildableName = "&#x6821;&#x56ed;&#x5feb;&#x9012;_Online.app"
               BlueprintName = "&#x6821;&#x56ed;&#x5feb;&#x9012;_Online"
               ReferencedContainer = "container:&#x6821;&#x56ed;&#x5feb;&#x9012;_Online.xcodeproj">
            </BuildableReference>
         </BuildActionEntry>
      </BuildActionEntries>
   </BuildAction>
   <TestAction
      buildConfiguration = "Debug"
      selectedDebuggerIdentifier = "Xcode.DebuggerFoundation.Debugger.LLDB"
      selectedLauncherIdentifier = "Xcode.DebuggerFoundation.Launcher.LLDB"
      shouldUseLaunchSchemeArgsEnv = "YES">
      <Testables>
         <TestableReference
            skipped = "NO">
            <BuildableReference
               BuildableIdentifier = "primary"
               BlueprintIdentifier = "525224951CCDFE940039F9F4"
               BuildableName = "&#x6821;&#x56ed;&#x5feb;&#x9012;_OnlineTests.xctest"
               BlueprintName = "&#x6821;&#x56ed;&#x5feb;&#x9012;_OnlineTests"
               ReferencedContainer = "container:&#x6821;&#x56ed;&#x5feb;&#x9012;_Online.xcodeproj">
            </BuildableReference>
         </TestableReference>
         <TestableReference
            skipped = "NO">
            <BuildableReference
               BuildableIdentifier = "primary"
               BlueprintIdentifier = "525224A01CCDFE940039F9F4"
               BuildableName = "&#x6821;&#x56ed;&#x5feb;&#x9012;_OnlineUITests.xctest"
               BlueprintName = "&#x6821;&#x56ed;&#x5feb;&#x9012;_OnlineUITests"
               ReferencedContainer = "container:&#x6821;&#x56ed;&#x5feb;&#x9012;_Online.xcodeproj">
            </BuildableReference>
         </TestableReference>
      </Testables>
      <MacroExpansion>
         <BuildableReference
            BuildableIdentifier = "primary"
            BlueprintIdentifier = "5252247C1CCDFE940039F9F4"
            BuildableName = "&#x6821;&#x56ed;&#x5feb;&#x9012;_Online.app"
            BlueprintName = "&#x6821;&#x56ed;&#x5feb;&#x9012;_Online"
            ReferencedContainer = "container:&#x6821;&#x56ed;&#x5feb;&#x9012;_Online.xcodeproj">
         </BuildableReference>
      </MacroExpansion>
      <AdditionalOptions>
      </AdditionalOptions>
   </TestAction>
   <LaunchAction
      buildConfiguration = "Debug"
      selectedDebuggerIdentifier = "Xcode.DebuggerFoundation.Debugger.LLDB"
      selectedLauncherIdentifier = "Xcode.DebuggerFoundation.Launcher.LLDB"
      launchStyle = "0"
      useCustomWorkingDirectory = "NO"
      ignoresPersistentStateOnLaunch = "NO"
      debugDocumentVersioning = "YES"
      debugServiceExtension = "internal"
      allowLocationSimulation = "YES">
      <BuildableProductRunnable
         runnableDebuggingMode = "0">
         <BuildableReference
            BuildableIdentifier = "primary"
            BlueprintIdentifier = "5252247C1CCDFE940039F9F4"
            BuildableName = "&#x6821;&#x56ed;&#x5feb;&#x9012;_Online.app"
            BlueprintName = "&#x6821;&#x56ed;&#x5feb;&#x9012;_Online"
            ReferencedContainer = "container:&#x6821;&#x56ed;&#x5feb;&#x9012;_Online.xcodeproj">
         </BuildableReference>
      </BuildableProductRunnable>
      <AdditionalOptions>
      </AdditionalOptions>
   </LaunchAction>
   <ProfileAction
      buildConfiguration = "Release"
      shouldUseLaunchSchemeArgsEnv = "YES"
      savedToolIdentifier = ""
      useCustomWorkingDirectory = "NO"
      debugDocumentVersioning = "YES">
      <BuildableProductRunnable
         runnableDebuggingMode = "0">
         <BuildableReference
            BuildableIdentifier = "primary"
            BlueprintIdentifier = "5252247C1CCDFE940039F9F4"
            BuildableName = "&#x6821;&#x56ed;&#x5feb;&#x9012;_Online.app"
            BlueprintName = "&#x6821;&#x56ed;&#x5feb;&#x9012;_Online"
            ReferencedContainer = "container:&#x6821;&#x56ed;&#x5feb;&#x9012;_Online.xcodeproj">
         </BuildableReference>
      </BuildableProductRunnable>
   </ProfileAction>
   <AnalyzeAction
      buildConfiguration = "Debug">
   </AnalyzeAction>
   <ArchiveAction
      buildConfiguration = "Release"
      revealArchiveInOrganizer = "YES">
   </ArchiveAction>
</Scheme>
